{
  "name": "webpack-tiles",
  "version": "1.0.0",
  "lockfileVersion": 1,
  "requires": true,
  "dependencies": {
    "lodash": {
      "version": "4.17.15",
      "resolved": "http://r.tnpm.oa.com/lodash/download/lodash-4.17.15.tgz",
      "integrity": "sha1-tEf2ZwoEVbv+7dETku/zMOoJdUg="
    },
    "sax": {
      "version": "1.2.4",
      "resolved": "http://r.tnpm.oa.com/sax/download/sax-1.2.4.tgz",
      "integrity": "sha1-KBYjTiN4vdxOU1T6tcqold9xANk="
    },
    "webpack-merge": {
      "version": "4.2.2",
      "resolved": "http://r.tnpm.oa.com/webpack-merge/download/webpack-merge-4.2.2.tgz",
      "integrity": "sha1-onxS6ng9E5iv0gh/VH17nS9DY00=",
      "requires": {
        "lodash": "^4.17.15"
      }
    },
    "xml2js": {
      "version": "0.4.23",
      "resolved": "http://r.tnpm.oa.com/xml2js/download/xml2js-0.4.23.tgz",
      "integrity": "sha1-oMaVFnUkIesqx1juTUzPWIQ+rGY=",
      "requires": {
        "sax": ">=0.6.0",
        "xmlbuilder": "~11.0.0"
      }
    },
    "xmlbuilder": {
      "version": "11.0.1",
      "resolved": "http://r.tnpm.oa.com/xmlbuilder/download/xmlbuilder-11.0.1.tgz",
      "integrity": "sha1-vpuuHIoEbnazESdyY0fQrXACvrM="
    }
  }
}
