{
  "name": "webpack-tiles-cli",
  "version": "1.0.0",
  "lockfileVersion": 1,
  "requires": true,
  "dependencies": {
    "@types/color-name": {
      "version": "1.1.1",
      "resolved": "http://r.tnpm.oa.com/@types/color-name/download/@types/color-name-1.1.1.tgz",
      "integrity": "sha1-HBJhu+qhCoBVu8XYq4S3sq/IRqA="
    },
    "ansi-escapes": {
      "version": "4.3.1",
      "resolved": "http://r.tnpm.oa.com/ansi-escapes/download/ansi-escapes-4.3.1.tgz",
      "integrity": "sha1-pcR8xDGB8fOP/XB2g3cA05VSKmE=",
      "requires": {
        "type-fest": "^0.11.0"
      }
    },
    "ansi-regex": {
      "version": "5.0.0",
      "resolved": "http://r.tnpm.oa.com/ansi-regex/download/ansi-regex-5.0.0.tgz",
      "integrity": "sha1-OIU59VF5vzkznIGvMKZU1p+Hy3U="
    },
    "ansi-styles": {
      "version": "4.2.1",
      "resolved": "http://r.tnpm.oa.com/ansi-styles/download/ansi-styles-4.2.1.tgz",
      "integrity": "sha1-kK51xCTQCNJiTFvynq0xd+v881k=",
      "requires": {
        "@types/color-name": "^1.1.1",
        "color-convert": "^2.0.1"
      }
    },
    "at-least-node": {
      "version": "1.0.0",
      "resolved": "http://r.tnpm.oa.com/at-least-node/download/at-least-node-1.0.0.tgz",
      "integrity": "sha1-YCzUtG6EStTv/JKoARo8RuAjjcI="
    },
    "chalk": {
      "version": "4.1.0",
      "resolved": "http://r.tnpm.oa.com/chalk/download/chalk-4.1.0.tgz",
      "integrity": "sha1-ThSHCmGNni7dl92DRf2dncMVZGo=",
      "requires": {
        "ansi-styles": "^4.1.0",
        "supports-color": "^7.1.0"
      }
    },
    "chardet": {
      "version": "0.7.0",
      "resolved": "http://r.tnpm.oa.com/chardet/download/chardet-0.7.0.tgz",
      "integrity": "sha1-kAlISfCTfy7twkJdDSip5fDLrZ4="
    },
    "cli-cursor": {
      "version": "3.1.0",
      "resolved": "http://r.tnpm.oa.com/cli-cursor/download/cli-cursor-3.1.0.tgz",
      "integrity": "sha1-JkMFp65JDR0Dvwybp8kl0XU68wc=",
      "requires": {
        "restore-cursor": "^3.1.0"
      }
    },
    "cli-width": {
      "version": "3.0.0",
      "resolved": "http://r.tnpm.oa.com/cli-width/download/cli-width-3.0.0.tgz",
      "integrity": "sha1-ovSEN6LKqaIkNueUvwceyeYc7fY="
    },
    "color-convert": {
      "version": "2.0.1",
      "resolved": "http://r.tnpm.oa.com/color-convert/download/color-convert-2.0.1.tgz",
      "integrity": "sha1-ctOmjVmMm9s68q0ehPIdiWq9TeM=",
      "requires": {
        "color-name": "~1.1.4"
      }
    },
    "color-name": {
      "version": "1.1.4",
      "resolved": "http://r.tnpm.oa.com/color-name/download/color-name-1.1.4.tgz",
      "integrity": "sha1-wqCah6y95pVD3m9j+jmVyCbFNqI="
    },
    "emoji-regex": {
      "version": "8.0.0",
      "resolved": "http://r.tnpm.oa.com/emoji-regex/download/emoji-regex-8.0.0.tgz",
      "integrity": "sha1-6Bj9ac5cz8tARZT4QpY79TFkzDc="
    },
    "escape-string-regexp": {
      "version": "1.0.5",
      "resolved": "http://r.tnpm.oa.com/escape-string-regexp/download/escape-string-regexp-1.0.5.tgz",
      "integrity": "sha1-G2HAViGQqN/2rjuyzwIAyhMLhtQ="
    },
    "external-editor": {
      "version": "3.1.0",
      "resolved": "http://r.tnpm.oa.com/external-editor/download/external-editor-3.1.0.tgz",
      "integrity": "sha1-ywP3QL764D6k0oPK7SdBqD8zVJU=",
      "requires": {
        "chardet": "^0.7.0",
        "iconv-lite": "^0.4.24",
        "tmp": "^0.0.33"
      }
    },
    "figures": {
      "version": "3.2.0",
      "resolved": "http://r.tnpm.oa.com/figures/download/figures-3.2.0.tgz",
      "integrity": "sha1-YlwYvSk8YE3EqN2y/r8MiDQXRq8=",
      "requires": {
        "escape-string-regexp": "^1.0.5"
      }
    },
    "fs-extra": {
      "version": "9.0.1",
      "resolved": "http://r.tnpm.oa.com/fs-extra/download/fs-extra-9.0.1.tgz",
      "integrity": "sha1-kQ2gBiQ3ukw5/t2GPxZ1zP78ufw=",
      "requires": {
        "at-least-node": "^1.0.0",
        "graceful-fs": "^4.2.0",
        "jsonfile": "^6.0.1",
        "universalify": "^1.0.0"
      }
    },
    "graceful-fs": {
      "version": "4.2.4",
      "resolved": "http://r.tnpm.oa.com/graceful-fs/download/graceful-fs-4.2.4.tgz",
      "integrity": "sha1-Ila94U02MpWMRl68ltxGfKB6Kfs="
    },
    "handlebars": {
      "version": "4.7.6",
      "resolved": "http://r.tnpm.oa.com/handlebars/download/handlebars-4.7.6.tgz",
      "integrity": "sha1-1MBcG6+Q6ZRfd6pop6IZqkp9904=",
      "requires": {
        "minimist": "^1.2.5",
        "neo-async": "^2.6.0",
        "source-map": "^0.6.1",
        "uglify-js": "^3.1.4",
        "wordwrap": "^1.0.0"
      }
    },
    "has-flag": {
      "version": "4.0.0",
      "resolved": "http://r.tnpm.oa.com/has-flag/download/has-flag-4.0.0.tgz",
      "integrity": "sha1-lEdx/ZyByBJlxNaUGGDaBrtZR5s="
    },
    "iconv-lite": {
      "version": "0.4.24",
      "resolved": "http://r.tnpm.oa.com/iconv-lite/download/iconv-lite-0.4.24.tgz",
      "integrity": "sha1-ICK0sl+93CHS9SSXSkdKr+czkIs=",
      "requires": {
        "safer-buffer": ">= 2.1.2 < 3"
      }
    },
    "inquirer": {
      "version": "7.3.1",
      "resolved": "http://r.tnpm.oa.com/inquirer/download/inquirer-7.3.1.tgz",
      "integrity": "sha1-rGq6Gr391a005waTcEEe26F/ZDk=",
      "requires": {
        "ansi-escapes": "^4.2.1",
        "chalk": "^4.1.0",
        "cli-cursor": "^3.1.0",
        "cli-width": "^3.0.0",
        "external-editor": "^3.0.3",
        "figures": "^3.0.0",
        "lodash": "^4.17.16",
        "mute-stream": "0.0.8",
        "run-async": "^2.4.0",
        "rxjs": "^6.6.0",
        "string-width": "^4.1.0",
        "strip-ansi": "^6.0.0",
        "through": "^2.3.6"
      }
    },
    "is-fullwidth-code-point": {
      "version": "3.0.0",
      "resolved": "http://r.tnpm.oa.com/is-fullwidth-code-point/download/is-fullwidth-code-point-3.0.0.tgz",
      "integrity": "sha1-8Rb4Bk/pCz94RKOJl8C3UFEmnx0="
    },
    "jsonfile": {
      "version": "6.0.1",
      "resolved": "http://r.tnpm.oa.com/jsonfile/download/jsonfile-6.0.1.tgz",
      "integrity": "sha1-mJZsuiFDeMjIS4LghZB7QL9hQXk=",
      "requires": {
        "graceful-fs": "^4.1.6",
        "universalify": "^1.0.0"
      }
    },
    "lodash": {
      "version": "4.17.19",
      "resolved": "http://r.tnpm.oa.com/lodash/download/lodash-4.17.19.tgz",
      "integrity": "sha1-5I3e2+MLMyF4PFtDAfvTU7weSks="
    },
    "mimic-fn": {
      "version": "2.1.0",
      "resolved": "http://r.tnpm.oa.com/mimic-fn/download/mimic-fn-2.1.0.tgz",
      "integrity": "sha1-ftLCzMyvhNP/y3pptXcR/CCDQBs="
    },
    "minimist": {
      "version": "1.2.5",
      "resolved": "http://r.tnpm.oa.com/minimist/download/minimist-1.2.5.tgz",
      "integrity": "sha1-Z9ZgFLZqaoqqDAg8X9WN9OTpdgI="
    },
    "mute-stream": {
      "version": "0.0.8",
      "resolved": "http://r.tnpm.oa.com/mute-stream/download/mute-stream-0.0.8.tgz",
      "integrity": "sha1-FjDEKyJR/4HiooPelqVJfqkuXg0="
    },
    "neo-async": {
      "version": "2.6.2",
      "resolved": "http://r.tnpm.oa.com/neo-async/download/neo-async-2.6.2.tgz",
      "integrity": "sha1-tKr7k+OustgXTKU88WOrfXMIMF8="
    },
    "onetime": {
      "version": "5.1.0",
      "resolved": "http://r.tnpm.oa.com/onetime/download/onetime-5.1.0.tgz",
      "integrity": "sha1-//DzyRYX/mK7UBiWNumayKbfe+U=",
      "requires": {
        "mimic-fn": "^2.1.0"
      }
    },
    "os-tmpdir": {
      "version": "1.0.2",
      "resolved": "http://r.tnpm.oa.com/os-tmpdir/download/os-tmpdir-1.0.2.tgz",
      "integrity": "sha1-u+Z0BseaqFxc/sdm/lc0VV36EnQ="
    },
    "restore-cursor": {
      "version": "3.1.0",
      "resolved": "http://r.tnpm.oa.com/restore-cursor/download/restore-cursor-3.1.0.tgz",
      "integrity": "sha1-OfZ8VLOnpYzqUjbZXPADQjljH34=",
      "requires": {
        "onetime": "^5.1.0",
        "signal-exit": "^3.0.2"
      }
    },
    "run-async": {
      "version": "2.4.1",
      "resolved": "http://r.tnpm.oa.com/run-async/download/run-async-2.4.1.tgz",
      "integrity": "sha1-hEDsz5nqPnC9QJ1JqriOEMGJpFU="
    },
    "rxjs": {
      "version": "6.6.0",
      "resolved": "http://r.tnpm.oa.com/rxjs/download/rxjs-6.6.0.tgz",
      "integrity": "sha1-rykB7t8C46g/+n+IYkD/kBi77IQ=",
      "requires": {
        "tslib": "^1.9.0"
      }
    },
    "safer-buffer": {
      "version": "2.1.2",
      "resolved": "http://r.tnpm.oa.com/safer-buffer/download/safer-buffer-2.1.2.tgz",
      "integrity": "sha1-RPoWGwGHuVSd2Eu5GAL5vYOFzWo="
    },
    "signal-exit": {
      "version": "3.0.3",
      "resolved": "http://r.tnpm.oa.com/signal-exit/download/signal-exit-3.0.3.tgz",
      "integrity": "sha1-oUEMLt2PB3sItOJTyOrPyvBXRhw="
    },
    "source-map": {
      "version": "0.6.1",
      "resolved": "http://r.tnpm.oa.com/source-map/download/source-map-0.6.1.tgz",
      "integrity": "sha1-dHIq8y6WFOnCh6jQu95IteLxomM="
    },
    "string-width": {
      "version": "4.2.0",
      "resolved": "http://r.tnpm.oa.com/string-width/download/string-width-4.2.0.tgz",
      "integrity": "sha1-lSGCxGzHssMT0VluYjmSvRY7crU=",
      "requires": {
        "emoji-regex": "^8.0.0",
        "is-fullwidth-code-point": "^3.0.0",
        "strip-ansi": "^6.0.0"
      }
    },
    "strip-ansi": {
      "version": "6.0.0",
      "resolved": "http://r.tnpm.oa.com/strip-ansi/download/strip-ansi-6.0.0.tgz",
      "integrity": "sha1-CxVx3XZpzNTz4G4U7x7tJiJa5TI=",
      "requires": {
        "ansi-regex": "^5.0.0"
      }
    },
    "supports-color": {
      "version": "7.1.0",
      "resolved": "http://r.tnpm.oa.com/supports-color/download/supports-color-7.1.0.tgz",
      "integrity": "sha1-aOMlkd9z4lrRxLSRCKLsUHliv9E=",
      "requires": {
        "has-flag": "^4.0.0"
      }
    },
    "through": {
      "version": "2.3.8",
      "resolved": "http://r.tnpm.oa.com/through/download/through-2.3.8.tgz",
      "integrity": "sha1-DdTJ/6q8NXlgsbckEV1+Doai4fU="
    },
    "tmp": {
      "version": "0.0.33",
      "resolved": "http://r.tnpm.oa.com/tmp/download/tmp-0.0.33.tgz",
      "integrity": "sha1-bTQzWIl2jSGyvNoKonfO07G/rfk=",
      "requires": {
        "os-tmpdir": "~1.0.2"
      }
    },
    "tslib": {
      "version": "1.13.0",
      "resolved": "http://r.tnpm.oa.com/tslib/download/tslib-1.13.0.tgz",
      "integrity": "sha1-yIHhPMcBWJTtkUhi0nZDb6mkcEM="
    },
    "type-fest": {
      "version": "0.11.0",
      "resolved": "http://r.tnpm.oa.com/type-fest/download/type-fest-0.11.0.tgz",
      "integrity": "sha1-l6vwhyMQ/tiKXEZrJWgVdhReM/E="
    },
    "uglify-js": {
      "version": "3.10.0",
      "resolved": "http://r.tnpm.oa.com/uglify-js/download/uglify-js-3.10.0.tgz",
      "integrity": "sha1-OXp+bjHOggv9HLVbgE7hQMWHqec=",
      "optional": true
    },
    "universalify": {
      "version": "1.0.0",
      "resolved": "http://r.tnpm.oa.com/universalify/download/universalify-1.0.0.tgz",
      "integrity": "sha1-thodoXPoQ1sv48Z9Kbmt+FlL0W0="
    },
    "wordwrap": {
      "version": "1.0.0",
      "resolved": "http://r.tnpm.oa.com/wordwrap/download/wordwrap-1.0.0.tgz",
      "integrity": "sha1-J1hIEIkUVqQXHI0CJkQa3pDLyus="
    }
  }
}
